lockfileVersion: '6.0'

settings:
  autoInstallPeers: true
  excludeLinksFromLockfile: false

dependencies:
  bent:
    specifier: ^7.3.12
    version: registry.npmmirror.com/bent@7.3.12
  cheerio:
    specifier: 1.0.0-rc.12
    version: registry.npmmirror.com/cheerio@1.0.0-rc.12

packages:

  registry.npmmirror.com/bent@7.3.12:
    resolution: {integrity: sha512-T3yrKnVGB63zRuoco/7Ybl7BwwGZR0lceoVG5XmQyMIH9s19SV5m+a8qam4if0zQuAmOQTyPTPmsQBdAorGK3w==, registry: https://registry.npmjs.org/, tarball: https://registry.npmmirror.com/bent/-/bent-7.3.12.tgz}
    name: bent
    version: 7.3.12
    dependencies:
      bytesish: registry.npmmirror.com/bytesish@0.4.4
      caseless: registry.npmmirror.com/caseless@0.12.0
      is-stream: registry.npmmirror.com/is-stream@2.0.1
    dev: false

  registry.npmmirror.com/boolbase@1.0.0:
    resolution: {integrity: sha512-JZOSA7Mo9sNGB8+UjSgzdLtokWAky1zbztM3WRLCbZ70/3cTANmQmOdR7y2g+J0e2WXywy1yS468tY+IruqEww==, registry: https://registry.npmjs.org/, tarball: https://registry.npmmirror.com/boolbase/-/boolbase-1.0.0.tgz}
    name: boolbase
    version: 1.0.0
    dev: false

  registry.npmmirror.com/bytesish@0.4.4:
    resolution: {integrity: sha512-i4uu6M4zuMUiyfZN4RU2+i9+peJh//pXhd9x1oSe1LBkZ3LEbCoygu8W0bXTukU1Jme2txKuotpCZRaC3FLxcQ==, registry: https://registry.npmjs.org/, tarball: https://registry.npmmirror.com/bytesish/-/bytesish-0.4.4.tgz}
    name: bytesish
    version: 0.4.4
    dev: false

  registry.npmmirror.com/caseless@0.12.0:
    resolution: {integrity: sha512-4tYFyifaFfGacoiObjJegolkwSU4xQNGbVgUiNYVUxbQ2x2lUsFvY4hVgVzGiIe6WLOPqycWXA40l+PWsxthUw==, registry: https://registry.npmjs.org/, tarball: https://registry.npmmirror.com/caseless/-/caseless-0.12.0.tgz}
    name: caseless
    version: 0.12.0
    dev: false

  registry.npmmirror.com/cheerio-select@2.1.0:
    resolution: {integrity: sha512-9v9kG0LvzrlcungtnJtpGNxY+fzECQKhK4EGJX2vByejiMX84MFNQw4UxPJl3bFbTMw+Dfs37XaIkCwTZfLh4g==, registry: https://registry.npmjs.org/, tarball: https://registry.npmmirror.com/cheerio-select/-/cheerio-select-2.1.0.tgz}
    name: cheerio-select
    version: 2.1.0
    dependencies:
      boolbase: registry.npmmirror.com/boolbase@1.0.0
      css-select: registry.npmmirror.com/css-select@5.1.0
      css-what: registry.npmmirror.com/css-what@6.1.0
      domelementtype: registry.npmmirror.com/domelementtype@2.3.0
      domhandler: registry.npmmirror.com/domhandler@5.0.3
      domutils: registry.npmmirror.com/domutils@3.1.0
    dev: false

  registry.npmmirror.com/cheerio@1.0.0-rc.12:
    resolution: {integrity: sha512-VqR8m68vM46BNnuZ5NtnGBKIE/DfN0cRIzg9n40EIq9NOv90ayxLBXA8fXC5gquFRGJSTRqBq25Jt2ECLR431Q==, registry: https://registry.npmjs.org/, tarball: https://registry.npmmirror.com/cheerio/-/cheerio-1.0.0-rc.12.tgz}
    name: cheerio
    version: 1.0.0-rc.12
    engines: {node: '>= 6'}
    dependencies:
      cheerio-select: registry.npmmirror.com/cheerio-select@2.1.0
      dom-serializer: registry.npmmirror.com/dom-serializer@2.0.0
      domhandler: registry.npmmirror.com/domhandler@5.0.3
      domutils: registry.npmmirror.com/domutils@3.1.0
      htmlparser2: registry.npmmirror.com/htmlparser2@8.0.2
      parse5: registry.npmmirror.com/parse5@7.1.2
      parse5-htmlparser2-tree-adapter: registry.npmmirror.com/parse5-htmlparser2-tree-adapter@7.0.0
    dev: false

  registry.npmmirror.com/css-select@5.1.0:
    resolution: {integrity: sha512-nwoRF1rvRRnnCqqY7updORDsuqKzqYJ28+oSMaJMMgOauh3fvwHqMS7EZpIPqK8GL+g9mKxF1vP/ZjSeNjEVHg==, registry: https://registry.npmjs.org/, tarball: https://registry.npmmirror.com/css-select/-/css-select-5.1.0.tgz}
    name: css-select
    version: 5.1.0
    dependencies:
      boolbase: registry.npmmirror.com/boolbase@1.0.0
      css-what: registry.npmmirror.com/css-what@6.1.0
      domhandler: registry.npmmirror.com/domhandler@5.0.3
      domutils: registry.npmmirror.com/domutils@3.1.0
      nth-check: registry.npmmirror.com/nth-check@2.1.1
    dev: false

  registry.npmmirror.com/css-what@6.1.0:
    resolution: {integrity: sha512-HTUrgRJ7r4dsZKU6GjmpfRK1O76h97Z8MfS1G0FozR+oF2kG6Vfe8JE6zwrkbxigziPHinCJ+gCPjA9EaBDtRw==, registry: https://registry.npmjs.org/, tarball: https://registry.npmmirror.com/css-what/-/css-what-6.1.0.tgz}
    name: css-what
    version: 6.1.0
    engines: {node: '>= 6'}
    dev: false

  registry.npmmirror.com/dom-serializer@2.0.0:
    resolution: {integrity: sha512-wIkAryiqt/nV5EQKqQpo3SToSOV9J0DnbJqwK7Wv/Trc92zIAYZ4FlMu+JPFW1DfGFt81ZTCGgDEabffXeLyJg==, registry: https://registry.npmjs.org/, tarball: https://registry.npmmirror.com/dom-serializer/-/dom-serializer-2.0.0.tgz}
    name: dom-serializer
    version: 2.0.0
    dependencies:
      domelementtype: registry.npmmirror.com/domelementtype@2.3.0
      domhandler: registry.npmmirror.com/domhandler@5.0.3
      entities: registry.npmmirror.com/entities@4.5.0
    dev: false

  registry.npmmirror.com/domelementtype@2.3.0:
    resolution: {integrity: sha512-OLETBj6w0OsagBwdXnPdN0cnMfF9opN69co+7ZrbfPGrdpPVNBUj02spi6B1N7wChLQiPn4CSH/zJvXw56gmHw==, registry: https://registry.npmjs.org/, tarball: https://registry.npmmirror.com/domelementtype/-/domelementtype-2.3.0.tgz}
    name: domelementtype
    version: 2.3.0
    dev: false

  registry.npmmirror.com/domhandler@5.0.3:
    resolution: {integrity: sha512-cgwlv/1iFQiFnU96XXgROh8xTeetsnJiDsTc7TYCLFd9+/WNkIqPTxiM/8pSd8VIrhXGTf1Ny1q1hquVqDJB5w==, registry: https://registry.npmjs.org/, tarball: https://registry.npmmirror.com/domhandler/-/domhandler-5.0.3.tgz}
    name: domhandler
    version: 5.0.3
    engines: {node: '>= 4'}
    dependencies:
      domelementtype: registry.npmmirror.com/domelementtype@2.3.0
    dev: false

  registry.npmmirror.com/domutils@3.1.0:
    resolution: {integrity: sha512-H78uMmQtI2AhgDJjWeQmHwJJ2bLPD3GMmO7Zja/ZZh84wkm+4ut+IUnUdRa8uCGX88DiVx1j6FRe1XfxEgjEZA==, registry: https://registry.npmjs.org/, tarball: https://registry.npmmirror.com/domutils/-/domutils-3.1.0.tgz}
    name: domutils
    version: 3.1.0
    dependencies:
      dom-serializer: registry.npmmirror.com/dom-serializer@2.0.0
      domelementtype: registry.npmmirror.com/domelementtype@2.3.0
      domhandler: registry.npmmirror.com/domhandler@5.0.3
    dev: false

  registry.npmmirror.com/entities@4.5.0:
    resolution: {integrity: sha512-V0hjH4dGPh9Ao5p0MoRY6BVqtwCjhz6vI5LT8AJ55H+4g9/4vbHx1I54fS0XuclLhDHArPQCiMjDxjaL8fPxhw==, registry: https://registry.npmjs.org/, tarball: https://registry.npmmirror.com/entities/-/entities-4.5.0.tgz}
    name: entities
    version: 4.5.0
    engines: {node: '>=0.12'}
    dev: false

  registry.npmmirror.com/htmlparser2@8.0.2:
    resolution: {integrity: sha512-GYdjWKDkbRLkZ5geuHs5NY1puJ+PXwP7+fHPRz06Eirsb9ugf6d8kkXav6ADhcODhFFPMIXyxkxSuMf3D6NCFA==, registry: https://registry.npmjs.org/, tarball: https://registry.npmmirror.com/htmlparser2/-/htmlparser2-8.0.2.tgz}
    name: htmlparser2
    version: 8.0.2
    dependencies:
      domelementtype: registry.npmmirror.com/domelementtype@2.3.0
      domhandler: registry.npmmirror.com/domhandler@5.0.3
      domutils: registry.npmmirror.com/domutils@3.1.0
      entities: registry.npmmirror.com/entities@4.5.0
    dev: false

  registry.npmmirror.com/is-stream@2.0.1:
    resolution: {integrity: sha512-hFoiJiTl63nn+kstHGBtewWSKnQLpyb155KHheA1l39uvtO9nWIop1p3udqPcUd/xbF1VLMO4n7OI6p7RbngDg==, registry: https://registry.npmjs.org/, tarball: https://registry.npmmirror.com/is-stream/-/is-stream-2.0.1.tgz}
    name: is-stream
    version: 2.0.1
    engines: {node: '>=8'}
    dev: false

  registry.npmmirror.com/nth-check@2.1.1:
    resolution: {integrity: sha512-lqjrjmaOoAnWfMmBPL+XNnynZh2+swxiX3WUE0s4yEHI6m+AwrK2UZOimIRl3X/4QctVqS8AiZjFqyOGrMXb/w==, registry: https://registry.npmjs.org/, tarball: https://registry.npmmirror.com/nth-check/-/nth-check-2.1.1.tgz}
    name: nth-check
    version: 2.1.1
    dependencies:
      boolbase: registry.npmmirror.com/boolbase@1.0.0
    dev: false

  registry.npmmirror.com/parse5-htmlparser2-tree-adapter@7.0.0:
    resolution: {integrity: sha512-B77tOZrqqfUfnVcOrUvfdLbz4pu4RopLD/4vmu3HUPswwTA8OH0EMW9BlWR2B0RCoiZRAHEUu7IxeP1Pd1UU+g==, registry: https://registry.npmjs.org/, tarball: https://registry.npmmirror.com/parse5-htmlparser2-tree-adapter/-/parse5-htmlparser2-tree-adapter-7.0.0.tgz}
    name: parse5-htmlparser2-tree-adapter
    version: 7.0.0
    dependencies:
      domhandler: registry.npmmirror.com/domhandler@5.0.3
      parse5: registry.npmmirror.com/parse5@7.1.2
    dev: false

  registry.npmmirror.com/parse5@7.1.2:
    resolution: {integrity: sha512-Czj1WaSVpaoj0wbhMzLmWD69anp2WH7FXMB9n1Sy8/ZFF9jolSQVMu1Ij5WIyGmcBmhk7EOndpO4mIpihVqAXw==, registry: https://registry.npmjs.org/, tarball: https://registry.npmmirror.com/parse5/-/parse5-7.1.2.tgz}
    name: parse5
    version: 7.1.2
    dependencies:
      entities: registry.npmmirror.com/entities@4.5.0
    dev: false
